
Microsoft Visual Studio Solution File, Format Version 12.00
# Visual Studio 15
VisualStudioVersion = 15.0.28307.136
MinimumVisualStudioVersion = 10.0.40219.1
Project("{2150E333-8FDC-42A3-9474-1A3956D46DE8}") = "Charpter2", "Charpter2", "{66EB6396-BF7F-4AF5-9870-B953C7D9BD67}"
EndProject
Project("{2150E333-8FDC-42A3-9474-1A3956D46DE8}") = "Charpter3", "Charpter3", "{D730E8E7-2A75-4F45-A586-122B9DBA00AB}"
EndProject
Project("{2150E333-8FDC-42A3-9474-1A3956D46DE8}") = "Charpter4", "Charpter4", "{2B18EA51-6A9D-4A65-A328-59A2AB32F3D5}"
EndProject
Project("{2150E333-8FDC-42A3-9474-1A3956D46DE8}") = "Test", "Test", "{C21621EF-B682-4810-BCEC-D39965744914}"
EndProject
Project("{8BC9CEB8-8B4A-11D0-8D11-00A0C91BC942}") = "GetAllIps", "GetAllIps\GetAllIps.vcxproj", "{2F676467-4F85-4D88-8854-94A4952E5DD7}"
EndProject
Project("{8BC9CEB8-8B4A-11D0-8D11-00A0C91BC942}") = "LocalHostInfo", "chapter2\LocalHostInfo\LocalHostInfo.vcxproj", "{45CF7C21-AF83-4779-9289-5C3D7AC89488}"
EndProject
Project("{8BC9CEB8-8B4A-11D0-8D11-00A0C91BC942}") = "NetTime", "chapter2\NetTime\NetTime.vcxproj", "{178E97F7-2E1D-4D8B-9C44-E958FCCF6E01}"
EndProject
Project("{8BC9CEB8-8B4A-11D0-8D11-00A0C91BC942}") = "TcpClient", "chapter2\TcpClient\TcpClient.vcxproj", "{129F7855-7368-4CB8-9E9A-F4ED0CC41322}"
EndProject
Project("{8BC9CEB8-8B4A-11D0-8D11-00A0C91BC942}") = "TCPServer", "chapter2\TCPServer\TCPServer.vcxproj", "{71ABA061-E32A-4DDE-8FDF-D617119B0C6B}"
EndProject
Project("{8BC9CEB8-8B4A-11D0-8D11-00A0C91BC942}") = "UDPClient", "chapter2\UDPClient\UDPClient.vcxproj", "{FCD9A916-B5F7-4965-8A56-91C4F893699A}"
EndProject
Project("{8BC9CEB8-8B4A-11D0-8D11-00A0C91BC942}") = "UDPServer", "chapter2\UDPServer\UDPServer.vcxproj", "{6DD87CDC-889C-4312-9EE2-185159B322B7}"
EndProject
Project("{8BC9CEB8-8B4A-11D0-8D11-00A0C91BC942}") = "EventServerSelect", "chapter3\EventServerSelect\EventServerSelect.vcxproj", "{CFBBB9A2-AB9C-478B-ABF6-930A4FEBAB1C}"
EndProject
Project("{8BC9CEB8-8B4A-11D0-8D11-00A0C91BC942}") = "OverlappedServer", "chapter3\OverlappedServer\OverlappedServer.vcxproj", "{095E5A79-6EA8-4A02-87E2-303130B8D541}"
EndProject
Project("{8BC9CEB8-8B4A-11D0-8D11-00A0C91BC942}") = "select", "chapter3\select\select.vcxproj", "{468DCAEC-7032-4144-8611-D14879C11D06}"
EndProject
Project("{8BC9CEB8-8B4A-11D0-8D11-00A0C91BC942}") = "WSAAsyncSelect", "chapter3\WSAAsyncSelect\WSAAsyncSelect.vcxproj", "{2A2DD474-A570-4E14-AA23-12C170B73013}"
EndProject
Project("{8BC9CEB8-8B4A-11D0-8D11-00A0C91BC942}") = "WSAEventSelect", "chapter3\WSAEventSelect\WSAEventSelect.vcxproj", "{B4CC5F62-AC7B-40C1-B923-AE9EDE3B5787}"
EndProject
Project("{8BC9CEB8-8B4A-11D0-8D11-00A0C91BC942}") = "IOCPDemo", "chapter4\IOCPDemo\IOCPDemo.vcxproj", "{C1DCE9BB-8C3A-43A6-91BC-7B311D7265BE}"
EndProject
Project("{8BC9CEB8-8B4A-11D0-8D11-00A0C91BC942}") = "iocpsys", "chapter4\iocpsys\iocpsys.vcxproj", "{A8630347-3AAE-4378-9E61-5A03F56D56DD}"
EndProject
Project("{8BC9CEB8-8B4A-11D0-8D11-00A0C91BC942}") = "ServerShutdown", "chapter4\ServerShutdown\ServerShutdown\ServerShutdown.vcxproj", "{8A385533-317B-41F1-B5B0-34523C89CE0F}"
EndProject
Project("{8BC9CEB8-8B4A-11D0-8D11-00A0C91BC942}") = "MyIocp", "Test\MyIocp\MyIocp.vcxproj", "{FC067EAF-C5AC-44E5-9719-487824F3D54E}"
EndProject
Global
	GlobalSection(SolutionConfigurationPlatforms) = preSolution
		Debug|x64 = Debug|x64
		Debug|x86 = Debug|x86
		Release|x64 = Release|x64
		Release|x86 = Release|x86
	EndGlobalSection
	GlobalSection(ProjectConfigurationPlatforms) = postSolution
		{2F676467-4F85-4D88-8854-94A4952E5DD7}.Debug|x64.ActiveCfg = Debug|x64
		{2F676467-4F85-4D88-8854-94A4952E5DD7}.Debug|x64.Build.0 = Debug|x64
		{2F676467-4F85-4D88-8854-94A4952E5DD7}.Debug|x86.ActiveCfg = Debug|Win32
		{2F676467-4F85-4D88-8854-94A4952E5DD7}.Debug|x86.Build.0 = Debug|Win32
		{2F676467-4F85-4D88-8854-94A4952E5DD7}.Release|x64.ActiveCfg = Release|x64
		{2F676467-4F85-4D88-8854-94A4952E5DD7}.Release|x64.Build.0 = Release|x64
		{2F676467-4F85-4D88-8854-94A4952E5DD7}.Release|x86.ActiveCfg = Release|Win32
		{2F676467-4F85-4D88-8854-94A4952E5DD7}.Release|x86.Build.0 = Release|Win32
		{45CF7C21-AF83-4779-9289-5C3D7AC89488}.Debug|x64.ActiveCfg = Debug|x64
		{45CF7C21-AF83-4779-9289-5C3D7AC89488}.Debug|x64.Build.0 = Debug|x64
		{45CF7C21-AF83-4779-9289-5C3D7AC89488}.Debug|x86.ActiveCfg = Debug|Win32
		{45CF7C21-AF83-4779-9289-5C3D7AC89488}.Debug|x86.Build.0 = Debug|Win32
		{45CF7C21-AF83-4779-9289-5C3D7AC89488}.Release|x64.ActiveCfg = Release|x64
		{45CF7C21-AF83-4779-9289-5C3D7AC89488}.Release|x64.Build.0 = Release|x64
		{45CF7C21-AF83-4779-9289-5C3D7AC89488}.Release|x86.ActiveCfg = Release|Win32
		{45CF7C21-AF83-4779-9289-5C3D7AC89488}.Release|x86.Build.0 = Release|Win32
		{178E97F7-2E1D-4D8B-9C44-E958FCCF6E01}.Debug|x64.ActiveCfg = Debug|x64
		{178E97F7-2E1D-4D8B-9C44-E958FCCF6E01}.Debug|x64.Build.0 = Debug|x64
		{178E97F7-2E1D-4D8B-9C44-E958FCCF6E01}.Debug|x86.ActiveCfg = Debug|Win32
		{178E97F7-2E1D-4D8B-9C44-E958FCCF6E01}.Debug|x86.Build.0 = Debug|Win32
		{178E97F7-2E1D-4D8B-9C44-E958FCCF6E01}.Release|x64.ActiveCfg = Release|x64
		{178E97F7-2E1D-4D8B-9C44-E958FCCF6E01}.Release|x64.Build.0 = Release|x64
		{178E97F7-2E1D-4D8B-9C44-E958FCCF6E01}.Release|x86.ActiveCfg = Release|Win32
		{178E97F7-2E1D-4D8B-9C44-E958FCCF6E01}.Release|x86.Build.0 = Release|Win32
		{129F7855-7368-4CB8-9E9A-F4ED0CC41322}.Debug|x64.ActiveCfg = Debug|x64
		{129F7855-7368-4CB8-9E9A-F4ED0CC41322}.Debug|x64.Build.0 = Debug|x64
		{129F7855-7368-4CB8-9E9A-F4ED0CC41322}.Debug|x86.ActiveCfg = Debug|Win32
		{129F7855-7368-4CB8-9E9A-F4ED0CC41322}.Debug|x86.Build.0 = Debug|Win32
		{129F7855-7368-4CB8-9E9A-F4ED0CC41322}.Release|x64.ActiveCfg = Release|x64
		{129F7855-7368-4CB8-9E9A-F4ED0CC41322}.Release|x64.Build.0 = Release|x64
		{129F7855-7368-4CB8-9E9A-F4ED0CC41322}.Release|x86.ActiveCfg = Release|Win32
		{129F7855-7368-4CB8-9E9A-F4ED0CC41322}.Release|x86.Build.0 = Release|Win32
		{71ABA061-E32A-4DDE-8FDF-D617119B0C6B}.Debug|x64.ActiveCfg = Debug|x64
		{71ABA061-E32A-4DDE-8FDF-D617119B0C6B}.Debug|x64.Build.0 = Debug|x64
		{71ABA061-E32A-4DDE-8FDF-D617119B0C6B}.Debug|x86.ActiveCfg = Debug|Win32
		{71ABA061-E32A-4DDE-8FDF-D617119B0C6B}.Debug|x86.Build.0 = Debug|Win32
		{71ABA061-E32A-4DDE-8FDF-D617119B0C6B}.Release|x64.ActiveCfg = Release|x64
		{71ABA061-E32A-4DDE-8FDF-D617119B0C6B}.Release|x64.Build.0 = Release|x64
		{71ABA061-E32A-4DDE-8FDF-D617119B0C6B}.Release|x86.ActiveCfg = Release|Win32
		{71ABA061-E32A-4DDE-8FDF-D617119B0C6B}.Release|x86.Build.0 = Release|Win32
		{FCD9A916-B5F7-4965-8A56-91C4F893699A}.Debug|x64.ActiveCfg = Debug|x64
		{FCD9A916-B5F7-4965-8A56-91C4F893699A}.Debug|x64.Build.0 = Debug|x64
		{FCD9A916-B5F7-4965-8A56-91C4F893699A}.Debug|x86.ActiveCfg = Debug|Win32
		{FCD9A916-B5F7-4965-8A56-91C4F893699A}.Debug|x86.Build.0 = Debug|Win32
		{FCD9A916-B5F7-4965-8A56-91C4F893699A}.Release|x64.ActiveCfg = Release|x64
		{FCD9A916-B5F7-4965-8A56-91C4F893699A}.Release|x64.Build.0 = Release|x64
		{FCD9A916-B5F7-4965-8A56-91C4F893699A}.Release|x86.ActiveCfg = Release|Win32
		{FCD9A916-B5F7-4965-8A56-91C4F893699A}.Release|x86.Build.0 = Release|Win32
		{6DD87CDC-889C-4312-9EE2-185159B322B7}.Debug|x64.ActiveCfg = Debug|x64
		{6DD87CDC-889C-4312-9EE2-185159B322B7}.Debug|x64.Build.0 = Debug|x64
		{6DD87CDC-889C-4312-9EE2-185159B322B7}.Debug|x86.ActiveCfg = Debug|Win32
		{6DD87CDC-889C-4312-9EE2-185159B322B7}.Debug|x86.Build.0 = Debug|Win32
		{6DD87CDC-889C-4312-9EE2-185159B322B7}.Release|x64.ActiveCfg = Release|x64
		{6DD87CDC-889C-4312-9EE2-185159B322B7}.Release|x64.Build.0 = Release|x64
		{6DD87CDC-889C-4312-9EE2-185159B322B7}.Release|x86.ActiveCfg = Release|Win32
		{6DD87CDC-889C-4312-9EE2-185159B322B7}.Release|x86.Build.0 = Release|Win32
		{CFBBB9A2-AB9C-478B-ABF6-930A4FEBAB1C}.Debug|x64.ActiveCfg = Debug|x64
		{CFBBB9A2-AB9C-478B-ABF6-930A4FEBAB1C}.Debug|x64.Build.0 = Debug|x64
		{CFBBB9A2-AB9C-478B-ABF6-930A4FEBAB1C}.Debug|x86.ActiveCfg = Debug|Win32
		{CFBBB9A2-AB9C-478B-ABF6-930A4FEBAB1C}.Debug|x86.Build.0 = Debug|Win32
		{CFBBB9A2-AB9C-478B-ABF6-930A4FEBAB1C}.Release|x64.ActiveCfg = Release|x64
		{CFBBB9A2-AB9C-478B-ABF6-930A4FEBAB1C}.Release|x64.Build.0 = Release|x64
		{CFBBB9A2-AB9C-478B-ABF6-930A4FEBAB1C}.Release|x86.ActiveCfg = Release|Win32
		{CFBBB9A2-AB9C-478B-ABF6-930A4FEBAB1C}.Release|x86.Build.0 = Release|Win32
		{095E5A79-6EA8-4A02-87E2-303130B8D541}.Debug|x64.ActiveCfg = Debug|x64
		{095E5A79-6EA8-4A02-87E2-303130B8D541}.Debug|x64.Build.0 = Debug|x64
		{095E5A79-6EA8-4A02-87E2-303130B8D541}.Debug|x86.ActiveCfg = Debug|Win32
		{095E5A79-6EA8-4A02-87E2-303130B8D541}.Debug|x86.Build.0 = Debug|Win32
		{095E5A79-6EA8-4A02-87E2-303130B8D541}.Release|x64.ActiveCfg = Release|x64
		{095E5A79-6EA8-4A02-87E2-303130B8D541}.Release|x64.Build.0 = Release|x64
		{095E5A79-6EA8-4A02-87E2-303130B8D541}.Release|x86.ActiveCfg = Release|Win32
		{095E5A79-6EA8-4A02-87E2-303130B8D541}.Release|x86.Build.0 = Release|Win32
		{468DCAEC-7032-4144-8611-D14879C11D06}.Debug|x64.ActiveCfg = Debug|x64
		{468DCAEC-7032-4144-8611-D14879C11D06}.Debug|x64.Build.0 = Debug|x64
		{468DCAEC-7032-4144-8611-D14879C11D06}.Debug|x86.ActiveCfg = Debug|Win32
		{468DCAEC-7032-4144-8611-D14879C11D06}.Debug|x86.Build.0 = Debug|Win32
		{468DCAEC-7032-4144-8611-D14879C11D06}.Release|x64.ActiveCfg = Release|x64
		{468DCAEC-7032-4144-8611-D14879C11D06}.Release|x64.Build.0 = Release|x64
		{468DCAEC-7032-4144-8611-D14879C11D06}.Release|x86.ActiveCfg = Release|Win32
		{468DCAEC-7032-4144-8611-D14879C11D06}.Release|x86.Build.0 = Release|Win32
		{2A2DD474-A570-4E14-AA23-12C170B73013}.Debug|x64.ActiveCfg = Debug|x64
		{2A2DD474-A570-4E14-AA23-12C170B73013}.Debug|x64.Build.0 = Debug|x64
		{2A2DD474-A570-4E14-AA23-12C170B73013}.Debug|x86.ActiveCfg = Debug|Win32
		{2A2DD474-A570-4E14-AA23-12C170B73013}.Debug|x86.Build.0 = Debug|Win32
		{2A2DD474-A570-4E14-AA23-12C170B73013}.Release|x64.ActiveCfg = Release|x64
		{2A2DD474-A570-4E14-AA23-12C170B73013}.Release|x64.Build.0 = Release|x64
		{2A2DD474-A570-4E14-AA23-12C170B73013}.Release|x86.ActiveCfg = Release|Win32
		{2A2DD474-A570-4E14-AA23-12C170B73013}.Release|x86.Build.0 = Release|Win32
		{B4CC5F62-AC7B-40C1-B923-AE9EDE3B5787}.Debug|x64.ActiveCfg = Debug|x64
		{B4CC5F62-AC7B-40C1-B923-AE9EDE3B5787}.Debug|x64.Build.0 = Debug|x64
		{B4CC5F62-AC7B-40C1-B923-AE9EDE3B5787}.Debug|x86.ActiveCfg = Debug|Win32
		{B4CC5F62-AC7B-40C1-B923-AE9EDE3B5787}.Debug|x86.Build.0 = Debug|Win32
		{B4CC5F62-AC7B-40C1-B923-AE9EDE3B5787}.Release|x64.ActiveCfg = Release|x64
		{B4CC5F62-AC7B-40C1-B923-AE9EDE3B5787}.Release|x64.Build.0 = Release|x64
		{B4CC5F62-AC7B-40C1-B923-AE9EDE3B5787}.Release|x86.ActiveCfg = Release|Win32
		{B4CC5F62-AC7B-40C1-B923-AE9EDE3B5787}.Release|x86.Build.0 = Release|Win32
		{C1DCE9BB-8C3A-43A6-91BC-7B311D7265BE}.Debug|x64.ActiveCfg = Debug|x64
		{C1DCE9BB-8C3A-43A6-91BC-7B311D7265BE}.Debug|x64.Build.0 = Debug|x64
		{C1DCE9BB-8C3A-43A6-91BC-7B311D7265BE}.Debug|x86.ActiveCfg = Debug|Win32
		{C1DCE9BB-8C3A-43A6-91BC-7B311D7265BE}.Debug|x86.Build.0 = Debug|Win32
		{C1DCE9BB-8C3A-43A6-91BC-7B311D7265BE}.Release|x64.ActiveCfg = Release|x64
		{C1DCE9BB-8C3A-43A6-91BC-7B311D7265BE}.Release|x64.Build.0 = Release|x64
		{C1DCE9BB-8C3A-43A6-91BC-7B311D7265BE}.Release|x86.ActiveCfg = Release|Win32
		{C1DCE9BB-8C3A-43A6-91BC-7B311D7265BE}.Release|x86.Build.0 = Release|Win32
		{A8630347-3AAE-4378-9E61-5A03F56D56DD}.Debug|x64.ActiveCfg = Debug|x64
		{A8630347-3AAE-4378-9E61-5A03F56D56DD}.Debug|x64.Build.0 = Debug|x64
		{A8630347-3AAE-4378-9E61-5A03F56D56DD}.Debug|x86.ActiveCfg = Debug|Win32
		{A8630347-3AAE-4378-9E61-5A03F56D56DD}.Debug|x86.Build.0 = Debug|Win32
		{A8630347-3AAE-4378-9E61-5A03F56D56DD}.Release|x64.ActiveCfg = Release|x64
		{A8630347-3AAE-4378-9E61-5A03F56D56DD}.Release|x64.Build.0 = Release|x64
		{A8630347-3AAE-4378-9E61-5A03F56D56DD}.Release|x86.ActiveCfg = Release|Win32
		{A8630347-3AAE-4378-9E61-5A03F56D56DD}.Release|x86.Build.0 = Release|Win32
		{8A385533-317B-41F1-B5B0-34523C89CE0F}.Debug|x64.ActiveCfg = Debug|x64
		{8A385533-317B-41F1-B5B0-34523C89CE0F}.Debug|x64.Build.0 = Debug|x64
		{8A385533-317B-41F1-B5B0-34523C89CE0F}.Debug|x86.ActiveCfg = Debug|Win32
		{8A385533-317B-41F1-B5B0-34523C89CE0F}.Debug|x86.Build.0 = Debug|Win32
		{8A385533-317B-41F1-B5B0-34523C89CE0F}.Release|x64.ActiveCfg = Release|x64
		{8A385533-317B-41F1-B5B0-34523C89CE0F}.Release|x64.Build.0 = Release|x64
		{8A385533-317B-41F1-B5B0-34523C89CE0F}.Release|x86.ActiveCfg = Release|Win32
		{8A385533-317B-41F1-B5B0-34523C89CE0F}.Release|x86.Build.0 = Release|Win32
		{FC067EAF-C5AC-44E5-9719-487824F3D54E}.Debug|x64.ActiveCfg = Debug|x64
		{FC067EAF-C5AC-44E5-9719-487824F3D54E}.Debug|x64.Build.0 = Debug|x64
		{FC067EAF-C5AC-44E5-9719-487824F3D54E}.Debug|x86.ActiveCfg = Debug|Win32
		{FC067EAF-C5AC-44E5-9719-487824F3D54E}.Debug|x86.Build.0 = Debug|Win32
		{FC067EAF-C5AC-44E5-9719-487824F3D54E}.Release|x64.ActiveCfg = Release|x64
		{FC067EAF-C5AC-44E5-9719-487824F3D54E}.Release|x64.Build.0 = Release|x64
		{FC067EAF-C5AC-44E5-9719-487824F3D54E}.Release|x86.ActiveCfg = Release|Win32
		{FC067EAF-C5AC-44E5-9719-487824F3D54E}.Release|x86.Build.0 = Release|Win32
	EndGlobalSection
	GlobalSection(SolutionProperties) = preSolution
		HideSolutionNode = FALSE
	EndGlobalSection
	GlobalSection(NestedProjects) = preSolution
		{2F676467-4F85-4D88-8854-94A4952E5DD7} = {66EB6396-BF7F-4AF5-9870-B953C7D9BD67}
		{45CF7C21-AF83-4779-9289-5C3D7AC89488} = {66EB6396-BF7F-4AF5-9870-B953C7D9BD67}
		{178E97F7-2E1D-4D8B-9C44-E958FCCF6E01} = {66EB6396-BF7F-4AF5-9870-B953C7D9BD67}
		{129F7855-7368-4CB8-9E9A-F4ED0CC41322} = {66EB6396-BF7F-4AF5-9870-B953C7D9BD67}
		{71ABA061-E32A-4DDE-8FDF-D617119B0C6B} = {66EB6396-BF7F-4AF5-9870-B953C7D9BD67}
		{FCD9A916-B5F7-4965-8A56-91C4F893699A} = {66EB6396-BF7F-4AF5-9870-B953C7D9BD67}
		{6DD87CDC-889C-4312-9EE2-185159B322B7} = {66EB6396-BF7F-4AF5-9870-B953C7D9BD67}
		{CFBBB9A2-AB9C-478B-ABF6-930A4FEBAB1C} = {D730E8E7-2A75-4F45-A586-122B9DBA00AB}
		{095E5A79-6EA8-4A02-87E2-303130B8D541} = {D730E8E7-2A75-4F45-A586-122B9DBA00AB}
		{468DCAEC-7032-4144-8611-D14879C11D06} = {D730E8E7-2A75-4F45-A586-122B9DBA00AB}
		{2A2DD474-A570-4E14-AA23-12C170B73013} = {D730E8E7-2A75-4F45-A586-122B9DBA00AB}
		{B4CC5F62-AC7B-40C1-B923-AE9EDE3B5787} = {D730E8E7-2A75-4F45-A586-122B9DBA00AB}
		{C1DCE9BB-8C3A-43A6-91BC-7B311D7265BE} = {2B18EA51-6A9D-4A65-A328-59A2AB32F3D5}
		{A8630347-3AAE-4378-9E61-5A03F56D56DD} = {2B18EA51-6A9D-4A65-A328-59A2AB32F3D5}
		{8A385533-317B-41F1-B5B0-34523C89CE0F} = {2B18EA51-6A9D-4A65-A328-59A2AB32F3D5}
		{FC067EAF-C5AC-44E5-9719-487824F3D54E} = {C21621EF-B682-4810-BCEC-D39965744914}
	EndGlobalSection
	GlobalSection(ExtensibilityGlobals) = postSolution
		SolutionGuid = {EFC3C863-4E16-4850-94F2-3A95B2D17144}
	EndGlobalSection
EndGlobal
