
Microsoft Visual Studio Solution File, Format Version 12.00
# Visual Studio 15
VisualStudioVersion = 15.0.28307.136
MinimumVisualStudioVersion = 10.0.40219.1
Project("{8BC9CEB8-8B4A-11D0-8D11-00A0C91BC942}") = "CommLib", "Project1\Project1.vcxproj", "{ACE9FAAE-EF74-4A63-95E8-60C27FF6D974}"
EndProject
Project("{2150E333-8FDC-42A3-9474-1A3956D46DE8}") = "Charpter2", "Charpter2", "{66EB6396-BF7F-4AF5-9870-B953C7D9BD67}"
EndProject
Project("{2150E333-8FDC-42A3-9474-1A3956D46DE8}") = "Charpter3", "Charpter3", "{D730E8E7-2A75-4F45-A586-122B9DBA00AB}"
EndProject
Project("{2150E333-8FDC-42A3-9474-1A3956D46DE8}") = "Charpter4", "Charpter4", "{2B18EA51-6A9D-4A65-A328-59A2AB32F3D5}"
EndProject
Project("{2150E333-8FDC-42A3-9474-1A3956D46DE8}") = "Test", "Test", "{C21621EF-B682-4810-BCEC-D39965744914}"
EndProject
Project("{8BC9CEB8-8B4A-11D0-8D11-00A0C91BC942}") = "GetAllIps", "GetAllIps\GetAllIps.vcxproj", "{2F676467-4F85-4D88-8854-94A4952E5DD7}"
EndProject
Global
	GlobalSection(SolutionConfigurationPlatforms) = preSolution
		Debug|x64 = Debug|x64
		Debug|x86 = Debug|x86
		Release|x64 = Release|x64
		Release|x86 = Release|x86
	EndGlobalSection
	GlobalSection(ProjectConfigurationPlatforms) = postSolution
		{ACE9FAAE-EF74-4A63-95E8-60C27FF6D974}.Debug|x64.ActiveCfg = Debug|x64
		{ACE9FAAE-EF74-4A63-95E8-60C27FF6D974}.Debug|x64.Build.0 = Debug|x64
		{ACE9FAAE-EF74-4A63-95E8-60C27FF6D974}.Debug|x86.ActiveCfg = Debug|Win32
		{ACE9FAAE-EF74-4A63-95E8-60C27FF6D974}.Debug|x86.Build.0 = Debug|Win32
		{ACE9FAAE-EF74-4A63-95E8-60C27FF6D974}.Release|x64.ActiveCfg = Release|x64
		{ACE9FAAE-EF74-4A63-95E8-60C27FF6D974}.Release|x64.Build.0 = Release|x64
		{ACE9FAAE-EF74-4A63-95E8-60C27FF6D974}.Release|x86.ActiveCfg = Release|Win32
		{ACE9FAAE-EF74-4A63-95E8-60C27FF6D974}.Release|x86.Build.0 = Release|Win32
		{2F676467-4F85-4D88-8854-94A4952E5DD7}.Debug|x64.ActiveCfg = Debug|x64
		{2F676467-4F85-4D88-8854-94A4952E5DD7}.Debug|x64.Build.0 = Debug|x64
		{2F676467-4F85-4D88-8854-94A4952E5DD7}.Debug|x86.ActiveCfg = Debug|Win32
		{2F676467-4F85-4D88-8854-94A4952E5DD7}.Debug|x86.Build.0 = Debug|Win32
		{2F676467-4F85-4D88-8854-94A4952E5DD7}.Release|x64.ActiveCfg = Release|x64
		{2F676467-4F85-4D88-8854-94A4952E5DD7}.Release|x64.Build.0 = Release|x64
		{2F676467-4F85-4D88-8854-94A4952E5DD7}.Release|x86.ActiveCfg = Release|Win32
		{2F676467-4F85-4D88-8854-94A4952E5DD7}.Release|x86.Build.0 = Release|Win32
	EndGlobalSection
	GlobalSection(SolutionProperties) = preSolution
		HideSolutionNode = FALSE
	EndGlobalSection
	GlobalSection(NestedProjects) = preSolution
		{2F676467-4F85-4D88-8854-94A4952E5DD7} = {66EB6396-BF7F-4AF5-9870-B953C7D9BD67}
	EndGlobalSection
	GlobalSection(ExtensibilityGlobals) = postSolution
		SolutionGuid = {EFC3C863-4E16-4850-94F2-3A95B2D17144}
	EndGlobalSection
EndGlobal
